{
  "name": "hospitalwatcherapp",
  "version": "1.0.0",
  "lockfileVersion": 3,
  "requires": true,
  "packages": {
    "": {
      "name": "hospitalwatcherapp",
      "version": "1.0.0",
      "license": "ISC",
      "dependencies": {
        "babylonjs": "^7.14.0",
        "babylonjs-loaders": "^7.14.0",
        "echarts": "^5.4.3",
        "lodash": "^4.17.21",
        "moment": "^2.29.4",
        "three": "^0.166.1",
        "uview-ui": "^2.0.37"
      }
    },
    "node_modules/babylonjs": {
      "version": "7.14.0",
      "resolved": "https://registry.npmjs.org/babylonjs/-/babylonjs-7.14.0.tgz",
      "integrity": "sha512-6+B5ehFs39Dh2nCm1obrHMt+lxqf44Y0a7f3Q2z7CoHEjQZ/k3Srg1djk9hHrjsE4PbmJF3ZR6kG7YR9HqvpYA==",
      "hasInstallScript": true
    },
    "node_modules/babylonjs-gltf2interface": {
      "version": "7.14.0",
      "resolved": "https://registry.npmjs.org/babylonjs-gltf2interface/-/babylonjs-gltf2interface-7.14.0.tgz",
      "integrity": "sha512-yfoU8HA7k/qStdyFFCK3CXzUpyN/pksnPXj0I9kEf76XOospRm5VdLFvweombIyQQtMNV+aDAB8STqgECU3LDA=="
    },
    "node_modules/babylonjs-loaders": {
      "version": "7.14.0",
      "resolved": "https://registry.npmjs.org/babylonjs-loaders/-/babylonjs-loaders-7.14.0.tgz",
      "integrity": "sha512-VvkOu1KwptriDWnk+WE+jfMYfZSSnINwmz6MdElN0nMC9fzwCIazzdL/qy3tLqoSa1FEY7oKI+7G088IyaXf2Q==",
      "dependencies": {
        "babylonjs": "^7.14.0",
        "babylonjs-gltf2interface": "^7.14.0"
      }
    },
    "node_modules/echarts": {
      "version": "5.4.3",
      "resolved": "https://registry.npmmirror.com/echarts/-/echarts-5.4.3.tgz",
      "integrity": "sha512-mYKxLxhzy6zyTi/FaEbJMOZU1ULGEQHaeIeuMR5L+JnJTpz+YR03mnnpBhbR4+UYJAgiXgpyTVLffPAjOTLkZA==",
      "dependencies": {
        "tslib": "2.3.0",
        "zrender": "5.4.4"
      }
    },
    "node_modules/lodash": {
      "version": "4.17.21",
      "resolved": "https://registry.npmjs.org/lodash/-/lodash-4.17.21.tgz",
      "integrity": "sha512-v2kDEe57lecTulaDIuNTPy3Ry4gLGJ6Z1O3vE1krgXZNrsQ+LFTGHVxVjcXPs17LhbZVGedAJv8XZ1tvj5FvSg=="
    },
    "node_modules/moment": {
      "version": "2.29.4",
      "resolved": "https://registry.npmjs.org/moment/-/moment-2.29.4.tgz",
      "integrity": "sha512-5LC9SOxjSc2HF6vO2CyuTDNivEdoz2IvyJJGj6X8DJ0eFyfszE0QiEd+iXmBvUP3WHxSjFH/vIsA0EN00cgr8w==",
      "engines": {
        "node": "*"
      }
    },
    "node_modules/three": {
      "version": "0.166.1",
      "resolved": "https://registry.npmjs.org/three/-/three-0.166.1.tgz",
      "integrity": "sha512-LtuafkKHHzm61AQA1be2MAYIw1IjmhOUxhBa0prrLpEMWbV7ijvxCRHjSgHPGp2493wLBzwKV46tA9nivLEgKg=="
    },
    "node_modules/tslib": {
      "version": "2.3.0",
      "resolved": "https://registry.npmmirror.com/tslib/-/tslib-2.3.0.tgz",
      "integrity": "sha512-N82ooyxVNm6h1riLCoyS9e3fuJ3AMG2zIZs2Gd1ATcSFjSA23Q0fzjjZeh0jbJvWVDZ0cJT8yaNNaaXHzueNjg=="
    },
    "node_modules/uview-ui": {
      "version": "2.0.37",
      "resolved": "https://registry.npmjs.org/uview-ui/-/uview-ui-2.0.37.tgz",
      "integrity": "sha512-iBcWNmQa01Wr+z004G6XIVPDctOrJIAx7LObQceUAPxZh6kJYjIOAMp5JE1K4VpoMV5bKYDpCd0gmX+M4nTEQQ==",
      "engines": {
        "HBuilderX": "^3.1.0"
      }
    },
    "node_modules/zrender": {
      "version": "5.4.4",
      "resolved": "https://registry.npmmirror.com/zrender/-/zrender-5.4.4.tgz",
      "integrity": "sha512-0VxCNJ7AGOMCWeHVyTrGzUgrK4asT4ml9PEkeGirAkKNYXYzoPJCLvmyfdoOXcjTHPs10OZVMfD1Rwg16AZyYw==",
      "dependencies": {
        "tslib": "2.3.0"
      }
    }
  }
}
